
Microsoft Visual Studio Solution File, Format Version 12.00
# Visual Studio Version 17
VisualStudioVersion = 17.11.35312.102
MinimumVisualStudioVersion = 10.0.40219.1
Project("{8BC9CEB8-8B4A-11D0-8D11-00A0C91BC942}") = "Cheker", "Cheker\Cheker.vcxproj", "{8ACE1B81-B164-4517-B276-35072ACA355B}"
EndProject
Global
	GlobalSection(SolutionConfigurationPlatforms) = preSolution
		Debug|x64 = Debug|x64
		Debug|x86 = Debug|x86
		Release|x64 = Release|x64
		Release|x86 = Release|x86
	EndGlobalSection
	GlobalSection(ProjectConfigurationPlatforms) = postSolution
		{8ACE1B81-B164-4517-B276-35072ACA355B}.Debug|x64.ActiveCfg = Debug|x64
		{8ACE1B81-B164-4517-B276-35072ACA355B}.Debug|x64.Build.0 = Debug|x64
		{8ACE1B81-B164-4517-B276-35072ACA355B}.Debug|x86.ActiveCfg = Debug|Win32
		{8ACE1B81-B164-4517-B276-35072ACA355B}.Debug|x86.Build.0 = Debug|Win32
		{8ACE1B81-B164-4517-B276-35072ACA355B}.Release|x64.ActiveCfg = Release|x64
		{8ACE1B81-B164-4517-B276-35072ACA355B}.Release|x64.Build.0 = Release|x64
		{8ACE1B81-B164-4517-B276-35072ACA355B}.Release|x86.ActiveCfg = Release|Win32
		{8ACE1B81-B164-4517-B276-35072ACA355B}.Release|x86.Build.0 = Release|Win32
	EndGlobalSection
	GlobalSection(SolutionProperties) = preSolution
		HideSolutionNode = FALSE
	EndGlobalSection
	GlobalSection(ExtensibilityGlobals) = postSolution
		SolutionGuid = {3979ACF3-C153-46C2-BF2F-DD8CF597A8D0}
	EndGlobalSection
EndGlobal
